speakeasyVersion: 1.598.3
sources:
    Authlete API Explorer:
        sourceNamespace: authlete-api-explorer
        sourceRevisionDigest: sha256:b84e92abc630698b0692b981f4697200f82c4131370f1ea8846bcfb2eaa40cc7
        sourceBlobDigest: sha256:c0ba923a7a9d3b117d470db384126c343631046a7225aede9e1de300dbe1451f
        tags:
            - latest
            - speakeasy-sdk-regen-1754452761
            - 3.0.0
targets:
    authelete:
        source: Authlete API Explorer
        sourceNamespace: authlete-api-explorer
        sourceRevisionDigest: sha256:b84e92abc630698b0692b981f4697200f82c4131370f1ea8846bcfb2eaa40cc7
        sourceBlobDigest: sha256:c0ba923a7a9d3b117d470db384126c343631046a7225aede9e1de300dbe1451f
        codeSamplesNamespace: authlete-api-explorer-java-code-samples
        codeSamplesRevisionDigest: sha256:2ff324970a37a13c3ab0188a8ddd8d08707e4ccea9a900865c1df2011bf747a6
workflow:
    workflowVersion: 1.0.0
    speakeasyVersion: latest
    sources:
        Authlete API Explorer:
            inputs:
                - location: ./specs/spec1.json
            overlays:
                - location: .speakeasy/speakeasy-modifications-overlay.yaml
            transformations:
                - removeUnused: true
            output: .speakeasy/out.openapi.yaml
            registry:
                location: registry.speakeasyapi.dev/vartana/qwerty/authlete-api-explorer
    targets:
        authelete:
            target: java
            source: Authlete API Explorer
            codeSamples:
                registry:
                    location: registry.speakeasyapi.dev/vartana/qwerty/authlete-api-explorer-java-code-samples
                labelOverride:
                    fixedValue: Java (SDK)
                blocking: false
